// !$*UTF8*$!
{
	archiveVersion = 1;
	classes = {
	};
	objectVersion = 46;
	objects = {

/* Begin PBXBuildFile section */
		7587B3B31BEFB40600557EE7 /* main.m in Sources */ = {isa = PBXBuildFile; fileRef = 7587B3B21BEFB40600557EE7 /* main.m */; };
		7587B3B61BEFB40600557EE7 /* AppDelegate.m in Sources */ = {isa = PBXBuildFile; fileRef = 7587B3B51BEFB40600557EE7 /* AppDelegate.m */; };
		7587B3B91BEFB40600557EE7 /* learn_ios_contacts.xcdatamodeld in Sources */ = {isa = PBXBuildFile; fileRef = 7587B3B71BEFB40600557EE7 /* learn_ios_contacts.xcdatamodeld */; };
		7587B3BC1BEFB40600557EE7 /* ContactFormViewController.m in Sources */ = {isa = PBXBuildFile; fileRef = 7587B3BB1BEFB40600557EE7 /* ContactFormViewController.m */; };
		7587B3BF1BEFB40600557EE7 /* Main.storyboard in Resources */ = {isa = PBXBuildFile; fileRef = 7587B3BD1BEFB40600557EE7 /* Main.storyboard */; };
		7587B3C11BEFB40600557EE7 /* Images.xcassets in Resources */ = {isa = PBXBuildFile; fileRef = 7587B3C01BEFB40600557EE7 /* Images.xcassets */; };
		7587B3C41BEFB40600557EE7 /* LaunchScreen.xib in Resources */ = {isa = PBXBuildFile; fileRef = 7587B3C21BEFB40600557EE7 /* LaunchScreen.xib */; };
		7587B3D01BEFB40600557EE7 /* learn_ios_contactsTests.m in Sources */ = {isa = PBXBuildFile; fileRef = 7587B3CF1BEFB40600557EE7 /* learn_ios_contactsTests.m */; };
/* End PBXBuildFile section */

/* Begin PBXContainerItemProxy section */
		7587B3CA1BEFB40600557EE7 /* PBXContainerItemProxy */ = {
			isa = PBXContainerItemProxy;
			containerPortal = 7587B3A51BEFB40600557EE7 /* Project object */;
			proxyType = 1;
			remoteGlobalIDString = 7587B3AC1BEFB40600557EE7;
			remoteInfo = "learn-ios-contacts";
		};
/* End PBXContainerItemProxy section */

/* Begin PBXFileReference section */
		7587B3AD1BEFB40600557EE7 /* learn-ios-contacts.app */ = {isa = PBXFileReference; explicitFileType = wrapper.application; includeInIndex = 0; path = "learn-ios-contacts.app"; sourceTree = BUILT_PRODUCTS_DIR; };
		7587B3B11BEFB40600557EE7 /* Info.plist */ = {isa = PBXFileReference; lastKnownFileType = text.plist.xml; path = Info.plist; sourceTree = "<group>"; };
		7587B3B21BEFB40600557EE7 /* main.m */ = {isa = PBXFileReference; lastKnownFileType = sourcecode.c.objc; path = main.m; sourceTree = "<group>"; };
		7587B3B41BEFB40600557EE7 /* AppDelegate.h */ = {isa = PBXFileReference; lastKnownFileType = sourcecode.c.h; path = AppDelegate.h; sourceTree = "<group>"; };
		7587B3B51BEFB40600557EE7 /* AppDelegate.m */ = {isa = PBXFileReference; lastKnownFileType = sourcecode.c.objc; path = AppDelegate.m; sourceTree = "<group>"; };
		7587B3B81BEFB40600557EE7 /* learn_ios_contacts.xcdatamodel */ = {isa = PBXFileReference; lastKnownFileType = wrapper.xcdatamodel; path = learn_ios_contacts.xcdatamodel; sourceTree = "<group>"; };
		7587B3BA1BEFB40600557EE7 /* ContactFormViewController.h */ = {isa = PBXFileReference; lastKnownFileType = sourcecode.c.h; path = ContactFormViewController.h; sourceTree = "<group>"; };
		7587B3BB1BEFB40600557EE7 /* ContactFormViewController.m */ = {isa = PBXFileReference; lastKnownFileType = sourcecode.c.objc; path = ContactFormViewController.m; sourceTree = "<group>"; };
		7587B3BE1BEFB40600557EE7 /* Base */ = {isa = PBXFileReference; lastKnownFileType = file.storyboard; name = Base; path = Base.lproj/Main.storyboard; sourceTree = "<group>"; };
		7587B3C01BEFB40600557EE7 /* Images.xcassets */ = {isa = PBXFileReference; lastKnownFileType = folder.assetcatalog; path = Images.xcassets; sourceTree = "<group>"; };
		7587B3C31BEFB40600557EE7 /* Base */ = {isa = PBXFileReference; lastKnownFileType = file.xib; name = Base; path = Base.lproj/LaunchScreen.xib; sourceTree = "<group>"; };
		7587B3C91BEFB40600557EE7 /* learn-ios-contactsTests.xctest */ = {isa = PBXFileReference; explicitFileType = wrapper.cfbundle; includeInIndex = 0; path = "learn-ios-contactsTests.xctest"; sourceTree = BUILT_PRODUCTS_DIR; };
		7587B3CE1BEFB40600557EE7 /* Info.plist */ = {isa = PBXFileReference; lastKnownFileType = text.plist.xml; path = Info.plist; sourceTree = "<group>"; };
		7587B3CF1BEFB40600557EE7 /* learn_ios_contactsTests.m */ = {isa = PBXFileReference; lastKnownFileType = sourcecode.c.objc; path = learn_ios_contactsTests.m; sourceTree = "<group>"; };
/* End PBXFileReference section */

/* Begin PBXFrameworksBuildPhase section */
		7587B3AA1BEFB40600557EE7 /* Frameworks */ = {
			isa = PBXFrameworksBuildPhase;
			buildActionMask = 2147483647;
			files = (
			);
			runOnlyForDeploymentPostprocessing = 0;
		};
		7587B3C61BEFB40600557EE7 /* Frameworks */ = {
			isa = PBXFrameworksBuildPhase;
			buildActionMask = 2147483647;
			files = (
			);
			runOnlyForDeploymentPostprocessing = 0;
		};
/* End PBXFrameworksBuildPhase section */

/* Begin PBXGroup section */
		7587B3A41BEFB40600557EE7 = {
			isa = PBXGroup;
			children = (
				7587B3AF1BEFB40600557EE7 /* learn-ios-contacts */,
				7587B3CC1BEFB40600557EE7 /* learn-ios-contactsTests */,
				7587B3AE1BEFB40600557EE7 /* Products */,
			);
			sourceTree = "<group>";
		};
		7587B3AE1BEFB40600557EE7 /* Products */ = {
			isa = PBXGroup;
			children = (
				7587B3AD1BEFB40600557EE7 /* learn-ios-contacts.app */,
				7587B3C91BEFB40600557EE7 /* learn-ios-contactsTests.xctest */,
			);
			name = Products;
			sourceTree = "<group>";
		};
		7587B3AF1BEFB40600557EE7 /* learn-ios-contacts */ = {
			isa = PBXGroup;
			children = (
				7587B3B41BEFB40600557EE7 /* AppDelegate.h */,
				7587B3B51BEFB40600557EE7 /* AppDelegate.m */,
				7587B3BA1BEFB40600557EE7 /* ContactFormViewController.h */,
				7587B3BB1BEFB40600557EE7 /* ContactFormViewController.m */,
				7587B3BD1BEFB40600557EE7 /* Main.storyboard */,
				7587B3C01BEFB40600557EE7 /* Images.xcassets */,
				7587B3C21BEFB40600557EE7 /* LaunchScreen.xib */,
				7587B3B71BEFB40600557EE7 /* learn_ios_contacts.xcdatamodeld */,
				7587B3B01BEFB40600557EE7 /* Supporting Files */,
			);
			path = "learn-ios-contacts";
			sourceTree = "<group>";
		};
		7587B3B01BEFB40600557EE7 /* Supporting Files */ = {
			isa = PBXGroup;
			children = (
				7587B3B11BEFB40600557EE7 /* Info.plist */,
				7587B3B21BEFB40600557EE7 /* main.m */,
			);
			name = "Supporting Files";
			sourceTree = "<group>";
		};
		7587B3CC1BEFB40600557EE7 /* learn-ios-contactsTests */ = {
			isa = PBXGroup;
			children = (
				7587B3CF1BEFB40600557EE7 /* learn_ios_contactsTests.m */,
				7587B3CD1BEFB40600557EE7 /* Supporting Files */,
			);
			path = "learn-ios-contactsTests";
			sourceTree = "<group>";
		};
		7587B3CD1BEFB40600557EE7 /* Supporting Files */ = {
			isa = PBXGroup;
			children = (
				7587B3CE1BEFB40600557EE7 /* Info.plist */,
			);
			name = "Supporting Files";
			sourceTree = "<group>";
		};
/* End PBXGroup section */

/* Begin PBXNativeTarget section */
		7587B3AC1BEFB40600557EE7 /* learn-ios-contacts */ = {
			isa = PBXNativeTarget;
			buildConfigurationList = 7587B3D31BEFB40600557EE7 /* Build configuration list for PBXNativeTarget "learn-ios-contacts" */;
			buildPhases = (
				7587B3A91BEFB40600557EE7 /* Sources */,
				7587B3AA1BEFB40600557EE7 /* Frameworks */,
				7587B3AB1BEFB40600557EE7 /* Resources */,
			);
			buildRules = (
			);
			dependencies = (
			);
			name = "learn-ios-contacts";
			productName = "learn-ios-contacts";
			productReference = 7587B3AD1BEFB40600557EE7 /* learn-ios-contacts.app */;
			productType = "com.apple.product-type.application";
		};
		7587B3C81BEFB40600557EE7 /* learn-ios-contactsTests */ = {
			isa = PBXNativeTarget;
			buildConfigurationList = 7587B3D61BEFB40600557EE7 /* Build configuration list for PBXNativeTarget "learn-ios-contactsTests" */;
			buildPhases = (
				7587B3C51BEFB40600557EE7 /* Sources */,
				7587B3C61BEFB40600557EE7 /* Frameworks */,
				7587B3C71BEFB40600557EE7 /* Resources */,
			);
			buildRules = (
			);
			dependencies = (
				7587B3CB1BEFB40600557EE7 /* PBXTargetDependency */,
			);
			name = "learn-ios-contactsTests";
			productName = "learn-ios-contactsTests";
			productReference = 7587B3C91BEFB40600557EE7 /* learn-ios-contactsTests.xctest */;
			productType = "com.apple.product-type.bundle.unit-test";
		};
/* End PBXNativeTarget section */

/* Begin PBXProject section */
		7587B3A51BEFB40600557EE7 /* Project object */ = {
			isa = PBXProject;
			attributes = {
				LastUpgradeCheck = 0640;
				ORGANIZATIONNAME = "Luis Vasconcellos";
				TargetAttributes = {
					7587B3AC1BEFB40600557EE7 = {
						CreatedOnToolsVersion = 6.4;
					};
					7587B3C81BEFB40600557EE7 = {
						CreatedOnToolsVersion = 6.4;
						TestTargetID = 7587B3AC1BEFB40600557EE7;
					};
				};
			};
			buildConfigurationList = 7587B3A81BEFB40600557EE7 /* Build configuration list for PBXProject "learn-ios-contacts" */;
			compatibilityVersion = "Xcode 3.2";
			developmentRegion = English;
			hasScannedForEncodings = 0;
			knownRegions = (
				en,
				Base,
			);
			mainGroup = 7587B3A41BEFB40600557EE7;
			productRefGroup = 7587B3AE1BEFB40600557EE7 /* Products */;
			projectDirPath = "";
			projectRoot = "";
			targets = (
				7587B3AC1BEFB40600557EE7 /* learn-ios-contacts */,
				7587B3C81BEFB40600557EE7 /* learn-ios-contactsTests */,
			);
		};
/* End PBXProject section */

/* Begin PBXResourcesBuildPhase section */
		7587B3AB1BEFB40600557EE7 /* Resources */ = {
			isa = PBXResourcesBuildPhase;
			buildActionMask = 2147483647;
			files = (
				7587B3BF1BEFB40600557EE7 /* Main.storyboard in Resources */,
				7587B3C41BEFB40600557EE7 /* LaunchScreen.xib in Resources */,
				7587B3C11BEFB40600557EE7 /* Images.xcassets in Resources */,
			);
			runOnlyForDeploymentPostprocessing = 0;
		};
		7587B3C71BEFB40600557EE7 /* Resources */ = {
			isa = PBXResourcesBuildPhase;
			buildActionMask = 2147483647;
			files = (
			);
			runOnlyForDeploymentPostprocessing = 0;
		};
/* End PBXResourcesBuildPhase section */

/* Begin PBXSourcesBuildPhase section */
		7587B3A91BEFB40600557EE7 /* Sources */ = {
			isa = PBXSourcesBuildPhase;
			buildActionMask = 2147483647;
			files = (
				7587B3B61BEFB40600557EE7 /* AppDelegate.m in Sources */,
				7587B3B91BEFB40600557EE7 /* learn_ios_contacts.xcdatamodeld in Sources */,
				7587B3BC1BEFB40600557EE7 /* ContactFormViewController.m in Sources */,
				7587B3B31BEFB40600557EE7 /* main.m in Sources */,
			);
			runOnlyForDeploymentPostprocessing = 0;
		};
		7587B3C51BEFB40600557EE7 /* Sources */ = {
			isa = PBXSourcesBuildPhase;
			buildActionMask = 2147483647;
			files = (
				7587B3D01BEFB40600557EE7 /* learn_ios_contactsTests.m in Sources */,
			);
			runOnlyForDeploymentPostprocessing = 0;
		};
/* End PBXSourcesBuildPhase section */

/* Begin PBXTargetDependency section */
		7587B3CB1BEFB40600557EE7 /* PBXTargetDependency */ = {
			isa = PBXTargetDependency;
			target = 7587B3AC1BEFB40600557EE7 /* learn-ios-contacts */;
			targetProxy = 7587B3CA1BEFB40600557EE7 /* PBXContainerItemProxy */;
		};
/* End PBXTargetDependency section */

/* Begin PBXVariantGroup section */
		7587B3BD1BEFB40600557EE7 /* Main.storyboard */ = {
			isa = PBXVariantGroup;
			children = (
				7587B3BE1BEFB40600557EE7 /* Base */,
			);
			name = Main.storyboard;
			sourceTree = "<group>";
		};
		7587B3C21BEFB40600557EE7 /* LaunchScreen.xib */ = {
			isa = PBXVariantGroup;
			children = (
				7587B3C31BEFB40600557EE7 /* Base */,
			);
			name = LaunchScreen.xib;
			sourceTree = "<group>";
		};
/* End PBXVariantGroup section */

/* Begin XCBuildConfiguration section */
		7587B3D11BEFB40600557EE7 /* Debug */ = {
			isa = XCBuildConfiguration;
			buildSettings = {
				ALWAYS_SEARCH_USER_PATHS = NO;
				CLANG_CXX_LANGUAGE_STANDARD = "gnu++0x";
				CLANG_CXX_LIBRARY = "libc++";
				CLANG_ENABLE_MODULES = YES;
				CLANG_ENABLE_OBJC_ARC = YES;
				CLANG_WARN_BOOL_CONVERSION = YES;
				CLANG_WARN_CONSTANT_CONVERSION = YES;
				CLANG_WARN_DIRECT_OBJC_ISA_USAGE = YES_ERROR;
				CLANG_WARN_EMPTY_BODY = YES;
				CLANG_WARN_ENUM_CONVERSION = YES;
				CLANG_WARN_INT_CONVERSION = YES;
				CLANG_WARN_OBJC_ROOT_CLASS = YES_ERROR;
				CLANG_WARN_UNREACHABLE_CODE = YES;
				CLANG_WARN__DUPLICATE_METHOD_MATCH = YES;
				"CODE_SIGN_IDENTITY[sdk=iphoneos*]" = "iPhone Developer";
				COPY_PHASE_STRIP = NO;
				DEBUG_INFORMATION_FORMAT = "dwarf-with-dsym";
				ENABLE_STRICT_OBJC_MSGSEND = YES;
				GCC_C_LANGUAGE_STANDARD = gnu99;
				GCC_DYNAMIC_NO_PIC = NO;
				GCC_NO_COMMON_BLOCKS = YES;
				GCC_OPTIMIZATION_LEVEL = 0;
				GCC_PREPROCESSOR_DEFINITIONS = (
					"DEBUG=1",
					"$(inherited)",
				);
				GCC_SYMBOLS_PRIVATE_EXTERN = NO;
				GCC_WARN_64_TO_32_BIT_CONVERSION = YES;
				GCC_WARN_ABOUT_RETURN_TYPE = YES_ERROR;
				GCC_WARN_UNDECLARED_SELECTOR = YES;
				GCC_WARN_UNINITIALIZED_AUTOS = YES_AGGRESSIVE;
				GCC_WARN_UNUSED_FUNCTION = YES;
				GCC_WARN_UNUSED_VARIABLE = YES;
				IPHONEOS_DEPLOYMENT_TARGET = 8.4;
				MTL_ENABLE_DEBUG_INFO = YES;
				ONLY_ACTIVE_ARCH = YES;
				SDKROOT = iphoneos;
			};
			name = Debug;
		};
		7587B3D21BEFB40600557EE7 /* Release */ = {
			isa = XCBuildConfiguration;
			buildSettings = {
				ALWAYS_SEARCH_USER_PATHS = NO;
				CLANG_CXX_LANGUAGE_STANDARD = "gnu++0x";
				CLANG_CXX_LIBRARY = "libc++";
				CLANG_ENABLE_MODULES = YES;
				CLANG_ENABLE_OBJC_ARC = YES;
				CLANG_WARN_BOOL_CONVERSION = YES;
				CLANG_WARN_CONSTANT_CONVERSION = YES;
				CLANG_WARN_DIRECT_OBJC_ISA_USAGE = YES_ERROR;
				CLANG_WARN_EMPTY_BODY = YES;
				CLANG_WARN_ENUM_CONVERSION = YES;
				CLANG_WARN_INT_CONVERSION = YES;
				CLANG_WARN_OBJC_ROOT_CLASS = YES_ERROR;
				CLANG_WARN_UNREACHABLE_CODE = YES;
				CLANG_WARN__DUPLICATE_METHOD_MATCH = YES;
				"CODE_SIGN_IDENTITY[sdk=iphoneos*]" = "iPhone Developer";
				COPY_PHASE_STRIP = NO;
				DEBUG_INFORMATION_FORMAT = "dwarf-with-dsym";
				ENABLE_NS_ASSERTIONS = NO;
				ENABLE_STRICT_OBJC_MSGSEND = YES;
				GCC_C_LANGUAGE_STANDARD = gnu99;
				GCC_NO_COMMON_BLOCKS = YES;
				GCC_WARN_64_TO_32_BIT_CONVERSION = YES;
				GCC_WARN_ABOUT_RETURN_TYPE = YES_ERROR;
				GCC_WARN_UNDECLARED_SELECTOR = YES;
				GCC_WARN_UNINITIALIZED_AUTOS = YES_AGGRESSIVE;
				GCC_WARN_UNUSED_FUNCTION = YES;
				GCC_WARN_UNUSED_VARIABLE = YES;
				IPHONEOS_DEPLOYMENT_TARGET = 8.4;
				MTL_ENABLE_DEBUG_INFO = NO;
				SDKROOT = iphoneos;
				VALIDATE_PRODUCT = YES;
			};
			name = Release;
		};
		7587B3D41BEFB40600557EE7 /* Debug */ = {
			isa = XCBuildConfiguration;
			buildSettings = {
				ASSETCATALOG_COMPILER_APPICON_NAME = AppIcon;
				INFOPLIST_FILE = "learn-ios-contacts/Info.plist";
				LD_RUNPATH_SEARCH_PATHS = "$(inherited) @executable_path/Frameworks";
				PRODUCT_NAME = "$(TARGET_NAME)";
			};
			name = Debug;
		};
		7587B3D51BEFB40600557EE7 /* Release */ = {
			isa = XCBuildConfiguration;
			buildSettings = {
				ASSETCATALOG_COMPILER_APPICON_NAME = AppIcon;
				INFOPLIST_FILE = "learn-ios-contacts/Info.plist";
				LD_RUNPATH_SEARCH_PATHS = "$(inherited) @executable_path/Frameworks";
				PRODUCT_NAME = "$(TARGET_NAME)";
			};
			name = Release;
		};
		7587B3D71BEFB40600557EE7 /* Debug */ = {
			isa = XCBuildConfiguration;
			buildSettings = {
				BUNDLE_LOADER = "$(TEST_HOST)";
				FRAMEWORK_SEARCH_PATHS = (
					"$(SDKROOT)/Developer/Library/Frameworks",
					"$(inherited)",
				);
				GCC_PREPROCESSOR_DEFINITIONS = (
					"DEBUG=1",
					"$(inherited)",
				);
				INFOPLIST_FILE = "learn-ios-contactsTests/Info.plist";
				LD_RUNPATH_SEARCH_PATHS = "$(inherited) @executable_path/Frameworks @loader_path/Frameworks";
				PRODUCT_NAME = "$(TARGET_NAME)";
				TEST_HOST = "$(BUILT_PRODUCTS_DIR)/learn-ios-contacts.app/learn-ios-contacts";
			};
			name = Debug;
		};
		7587B3D81BEFB40600557EE7 /* Release */ = {
			isa = XCBuildConfiguration;
			buildSettings = {
				BUNDLE_LOADER = "$(TEST_HOST)";
				FRAMEWORK_SEARCH_PATHS = (
					"$(SDKROOT)/Developer/Library/Frameworks",
					"$(inherited)",
				);
				INFOPLIST_FILE = "learn-ios-contactsTests/Info.plist";
				LD_RUNPATH_SEARCH_PATHS = "$(inherited) @executable_path/Frameworks @loader_path/Frameworks";
				PRODUCT_NAME = "$(TARGET_NAME)";
				TEST_HOST = "$(BUILT_PRODUCTS_DIR)/learn-ios-contacts.app/learn-ios-contacts";
			};
			name = Release;
		};
/* End XCBuildConfiguration section */

/* Begin XCConfigurationList section */
		7587B3A81BEFB40600557EE7 /* Build configuration list for PBXProject "learn-ios-contacts" */ = {
			isa = XCConfigurationList;
			buildConfigurations = (
				7587B3D11BEFB40600557EE7 /* Debug */,
				7587B3D21BEFB40600557EE7 /* Release */,
			);
			defaultConfigurationIsVisible = 0;
			defaultConfigurationName = Release;
		};
		7587B3D31BEFB40600557EE7 /* Build configuration list for PBXNativeTarget "learn-ios-contacts" */ = {
			isa = XCConfigurationList;
			buildConfigurations = (
				7587B3D41BEFB40600557EE7 /* Debug */,
				7587B3D51BEFB40600557EE7 /* Release */,
			);
			defaultConfigurationIsVisible = 0;
		};
		7587B3D61BEFB40600557EE7 /* Build configuration list for PBXNativeTarget "learn-ios-contactsTests" */ = {
			isa = XCConfigurationList;
			buildConfigurations = (
				7587B3D71BEFB40600557EE7 /* Debug */,
				7587B3D81BEFB40600557EE7 /* Release */,
			);
			defaultConfigurationIsVisible = 0;
		};
/* End XCConfigurationList section */

/* Begin XCVersionGroup section */
		7587B3B71BEFB40600557EE7 /* learn_ios_contacts.xcdatamodeld */ = {
			isa = XCVersionGroup;
			children = (
				7587B3B81BEFB40600557EE7 /* learn_ios_contacts.xcdatamodel */,
			);
			currentVersion = 7587B3B81BEFB40600557EE7 /* learn_ios_contacts.xcdatamodel */;
			path = learn_ios_contacts.xcdatamodeld;
			sourceTree = "<group>";
			versionGroupType = wrapper.xcdatamodel;
		};
/* End XCVersionGroup section */
	};
	rootObject = 7587B3A51BEFB40600557EE7 /* Project object */;
}
